
Microsoft Visual Studio Solution File, Format Version 12.00
# Visual Studio 14
VisualStudioVersion = 14.0.23107.0
MinimumVisualStudioVersion = 10.0.40219.1
Project("{FAE04EC0-301F-11D3-BF4B-00C04F79EFBC}") = "buatobjek", "buatobjek\buatobjek.csproj", "{AEB2ECC0-0699-4428-AB1C-6043AC04467D}"
EndProject
Global
	GlobalSection(SolutionConfigurationPlatforms) = preSolution
		Debug|Any CPU = Debug|Any CPU
		Release|Any CPU = Release|Any CPU
	EndGlobalSection
	GlobalSection(ProjectConfigurationPlatforms) = postSolution
		{AEB2ECC0-0699-4428-AB1C-6043AC04467D}.Debug|Any CPU.ActiveCfg = Debug|Any CPU
		{AEB2ECC0-0699-4428-AB1C-6043AC04467D}.Debug|Any CPU.Build.0 = Debug|Any CPU
		{AEB2ECC0-0699-4428-AB1C-6043AC04467D}.Release|Any CPU.ActiveCfg = Release|Any CPU
		{AEB2ECC0-0699-4428-AB1C-6043AC04467D}.Release|Any CPU.Build.0 = Release|Any CPU
	EndGlobalSection
	GlobalSection(SolutionProperties) = preSolution
		HideSolutionNode = FALSE
	EndGlobalSection
EndGlobal
